{
	"name": "uni-admin 基础框架（原名 uniCloud admin）",
	"version": "2.3.7",
	"lockfileVersion": 1,
	"requires": true,
	"dependencies": {
		"browserslist": {
			"version": "4.21.7",
			"resolved": "https://registry.npmmirror.com/browserslist/-/browserslist-4.21.7.tgz",
			"integrity": "sha512-BauCXrQ7I2ftSqd2mvKHGo85XR0u7Ru3C/Hxsy/0TkfCtjrmAbPdzLGasmoiBxplpDXlPvdjX9u7srIMfgasNA==",
			"requires": {
				"caniuse-lite": "^1.0.30001489",
				"electron-to-chromium": "^1.4.411",
				"node-releases": "^2.0.12",
				"update-browserslist-db": "^1.0.11"
			}
		},
		"caniuse-lite": {
			"version": "1.0.30001502",
			"resolved": "https://registry.npmmirror.com/caniuse-lite/-/caniuse-lite-1.0.30001502.tgz",
			"integrity": "sha512-AZ+9tFXw1sS0o0jcpJQIXvFTOB/xGiQ4OQ2t98QX3NDn2EZTSRBC801gxrsGgViuq2ak/NLkNgSNEPtCr5lfKg=="
		},
		"electron-to-chromium": {
			"version": "1.4.427",
			"resolved": "https://registry.npmmirror.com/electron-to-chromium/-/electron-to-chromium-1.4.427.tgz",
			"integrity": "sha512-HK3r9l+Jm8dYAm1ctXEWIC+hV60zfcjS9UA5BDlYvnI5S7PU/yytjpvSrTNrSSRRkuu3tDyZhdkwIczh+0DWaw=="
		},
		"escalade": {
			"version": "3.1.1",
			"resolved": "https://registry.npmmirror.com/escalade/-/escalade-3.1.1.tgz",
			"integrity": "sha512-k0er2gUkLf8O0zKJiAhmkTnJlTvINGv7ygDNPbeIsX/TJjGJZHuh9B2UxbsaEkmlEo9MfhrSzmhIlhRlI2GXnw=="
		},
		"node-releases": {
			"version": "2.0.12",
			"resolved": "https://registry.npmmirror.com/node-releases/-/node-releases-2.0.12.tgz",
			"integrity": "sha512-QzsYKWhXTWx8h1kIvqfnC++o0pEmpRQA/aenALsL2F4pqNVr7YzcdMlDij5WBnwftRbJCNJL/O7zdKaxKPHqgQ=="
		},
		"picocolors": {
			"version": "1.0.0",
			"resolved": "https://registry.npmmirror.com/picocolors/-/picocolors-1.0.0.tgz",
			"integrity": "sha512-1fygroTLlHu66zi26VoTDv8yRgm0Fccecssto+MhsZ0D/DGW2sm8E8AjW7NU5VVTRt5GxbeZ5qBuJr+HyLYkjQ=="
		},
		"update-browserslist-db": {
			"version": "1.0.11",
			"resolved": "https://registry.npmmirror.com/update-browserslist-db/-/update-browserslist-db-1.0.11.tgz",
			"integrity": "sha512-dCwEFf0/oT85M1fHBg4F0jtLwJrutGoHSQXCh7u4o2t1drG+c0a9Flnqww6XUKSfQMPpJBRjU8d4RXB09qtvaA==",
			"requires": {
				"escalade": "^3.1.1",
				"picocolors": "^1.0.0"
			}
		}
	}
}
